// !$*UTF8*$!
{
	archiveVersion = 1;
	classes = {
	};
	objectVersion = 50;
	objects = {

/* Begin PBXBuildFile section */
		070E3D92230D1E8800EDBD16 /* ViewControllerTwo.swift in Sources */ = {isa = PBXBuildFile; fileRef = 070E3D91230D1E8800EDBD16 /* ViewControllerTwo.swift */; };
		078EAEA822EB51CC00971C47 /* pictureUploadEdit.swift in Sources */ = {isa = PBXBuildFile; fileRef = 078EAEA722EB51CC00971C47 /* pictureUploadEdit.swift */; };
		079AE09922E87CD700A207A1 /* AppDelegate.swift in Sources */ = {isa = PBXBuildFile; fileRef = 079AE09822E87CD700A207A1 /* AppDelegate.swift */; };
		079AE09B22E87CD700A207A1 /* ViewController.swift in Sources */ = {isa = PBXBuildFile; fileRef = 079AE09A22E87CD700A207A1 /* ViewController.swift */; };
		079AE0A022E87CDA00A207A1 /* Assets.xcassets in Resources */ = {isa = PBXBuildFile; fileRef = 079AE09F22E87CDA00A207A1 /* Assets.xcassets */; };
		079AE0A322E87CDA00A207A1 /* LaunchScreen.storyboard in Resources */ = {isa = PBXBuildFile; fileRef = 079AE0A122E87CDA00A207A1 /* LaunchScreen.storyboard */; };
		07BEBE292373526900008B88 /* Main.storyboard in Resources */ = {isa = PBXBuildFile; fileRef = 07BEBE282373526900008B88 /* Main.storyboard */; };
		73F7757C23AD15FE001C0637 /* GameViewController.swift in Sources */ = {isa = PBXBuildFile; fileRef = 73F7757B23AD15FE001C0637 /* GameViewController.swift */; };
		73F7757E23AD1625001C0637 /* TopCollectionView.swift in Sources */ = {isa = PBXBuildFile; fileRef = 73F7757D23AD1625001C0637 /* TopCollectionView.swift */; };
		73F7758023AD174D001C0637 /* BottomCollectionView.swift in Sources */ = {isa = PBXBuildFile; fileRef = 73F7757F23AD174D001C0637 /* BottomCollectionView.swift */; };
/* End PBXBuildFile section */

/* Begin PBXFileReference section */
		070E3D91230D1E8800EDBD16 /* ViewControllerTwo.swift */ = {isa = PBXFileReference; lastKnownFileType = sourcecode.swift; path = ViewControllerTwo.swift; sourceTree = "<group>"; };
		078EAEA722EB51CC00971C47 /* pictureUploadEdit.swift */ = {isa = PBXFileReference; lastKnownFileType = sourcecode.swift; path = pictureUploadEdit.swift; sourceTree = "<group>"; };
		079AE09522E87CD700A207A1 /* gridy.app */ = {isa = PBXFileReference; explicitFileType = wrapper.application; includeInIndex = 0; path = gridy.app; sourceTree = BUILT_PRODUCTS_DIR; };
		079AE09822E87CD700A207A1 /* AppDelegate.swift */ = {isa = PBXFileReference; lastKnownFileType = sourcecode.swift; path = AppDelegate.swift; sourceTree = "<group>"; };
		079AE09A22E87CD700A207A1 /* ViewController.swift */ = {isa = PBXFileReference; lastKnownFileType = sourcecode.swift; path = ViewController.swift; sourceTree = "<group>"; };
		079AE09F22E87CDA00A207A1 /* Assets.xcassets */ = {isa = PBXFileReference; lastKnownFileType = folder.assetcatalog; path = Assets.xcassets; sourceTree = "<group>"; };
		079AE0A222E87CDA00A207A1 /* Base */ = {isa = PBXFileReference; lastKnownFileType = file.storyboard; name = Base; path = Base.lproj/LaunchScreen.storyboard; sourceTree = "<group>"; };
		079AE0A422E87CDA00A207A1 /* Info.plist */ = {isa = PBXFileReference; lastKnownFileType = text.plist.xml; path = Info.plist; sourceTree = "<group>"; };
		07BEBE282373526900008B88 /* Main.storyboard */ = {isa = PBXFileReference; fileEncoding = 4; lastKnownFileType = file.storyboard; path = Main.storyboard; sourceTree = "<group>"; };
		73F7757B23AD15FE001C0637 /* GameViewController.swift */ = {isa = PBXFileReference; lastKnownFileType = sourcecode.swift; path = GameViewController.swift; sourceTree = "<group>"; };
		73F7757D23AD1625001C0637 /* TopCollectionView.swift */ = {isa = PBXFileReference; lastKnownFileType = sourcecode.swift; path = TopCollectionView.swift; sourceTree = "<group>"; };
		73F7757F23AD174D001C0637 /* BottomCollectionView.swift */ = {isa = PBXFileReference; lastKnownFileType = sourcecode.swift; path = BottomCollectionView.swift; sourceTree = "<group>"; };
/* End PBXFileReference section */

/* Begin PBXFrameworksBuildPhase section */
		079AE09222E87CD700A207A1 /* Frameworks */ = {
			isa = PBXFrameworksBuildPhase;
			buildActionMask = 2147483647;
			files = (
			);
			runOnlyForDeploymentPostprocessing = 0;
		};
/* End PBXFrameworksBuildPhase section */

/* Begin PBXGroup section */
		079AE08C22E87CD700A207A1 = {
			isa = PBXGroup;
			children = (
				079AE09722E87CD700A207A1 /* gridy */,
				079AE09622E87CD700A207A1 /* Products */,
			);
			sourceTree = "<group>";
		};
		079AE09622E87CD700A207A1 /* Products */ = {
			isa = PBXGroup;
			children = (
				079AE09522E87CD700A207A1 /* gridy.app */,
			);
			name = Products;
			sourceTree = "<group>";
		};
		079AE09722E87CD700A207A1 /* gridy */ = {
			isa = PBXGroup;
			children = (
				73F7757A23AD15C5001C0637 /* Right */,
				079AE09822E87CD700A207A1 /* AppDelegate.swift */,
				079AE09A22E87CD700A207A1 /* ViewController.swift */,
				070E3D91230D1E8800EDBD16 /* ViewControllerTwo.swift */,
				078EAEA722EB51CC00971C47 /* pictureUploadEdit.swift */,
				07BEBE282373526900008B88 /* Main.storyboard */,
				079AE09F22E87CDA00A207A1 /* Assets.xcassets */,
				079AE0A122E87CDA00A207A1 /* LaunchScreen.storyboard */,
				079AE0A422E87CDA00A207A1 /* Info.plist */,
			);
			path = gridy;
			sourceTree = "<group>";
		};
		73F7757A23AD15C5001C0637 /* Right */ = {
			isa = PBXGroup;
			children = (
				73F7757B23AD15FE001C0637 /* GameViewController.swift */,
				73F7757D23AD1625001C0637 /* TopCollectionView.swift */,
				73F7757F23AD174D001C0637 /* BottomCollectionView.swift */,
			);
			path = Right;
			sourceTree = "<group>";
		};
/* End PBXGroup section */

/* Begin PBXNativeTarget section */
		079AE09422E87CD700A207A1 /* gridy */ = {
			isa = PBXNativeTarget;
			buildConfigurationList = 079AE0A722E87CDA00A207A1 /* Build configuration list for PBXNativeTarget "gridy" */;
			buildPhases = (
				079AE09122E87CD700A207A1 /* Sources */,
				079AE09222E87CD700A207A1 /* Frameworks */,
				079AE09322E87CD700A207A1 /* Resources */,
			);
			buildRules = (
			);
			dependencies = (
			);
			name = gridy;
			productName = gridy;
			productReference = 079AE09522E87CD700A207A1 /* gridy.app */;
			productType = "com.apple.product-type.application";
		};
/* End PBXNativeTarget section */

/* Begin PBXProject section */
		079AE08D22E87CD700A207A1 /* Project object */ = {
			isa = PBXProject;
			attributes = {
				LastSwiftUpdateCheck = 1020;
				LastUpgradeCheck = 1020;
				ORGANIZATIONNAME = "Oliver McConnie";
				TargetAttributes = {
					079AE09422E87CD700A207A1 = {
						CreatedOnToolsVersion = 10.2;
					};
				};
			};
			buildConfigurationList = 079AE09022E87CD700A207A1 /* Build configuration list for PBXProject "gridy" */;
			compatibilityVersion = "Xcode 9.3";
			developmentRegion = en;
			hasScannedForEncodings = 0;
			knownRegions = (
				en,
				Base,
			);
			mainGroup = 079AE08C22E87CD700A207A1;
			productRefGroup = 079AE09622E87CD700A207A1 /* Products */;
			projectDirPath = "";
			projectRoot = "";
			targets = (
				079AE09422E87CD700A207A1 /* gridy */,
			);
		};
/* End PBXProject section */

/* Begin PBXResourcesBuildPhase section */
		079AE09322E87CD700A207A1 /* Resources */ = {
			isa = PBXResourcesBuildPhase;
			buildActionMask = 2147483647;
			files = (
				07BEBE292373526900008B88 /* Main.storyboard in Resources */,
				079AE0A322E87CDA00A207A1 /* LaunchScreen.storyboard in Resources */,
				079AE0A022E87CDA00A207A1 /* Assets.xcassets in Resources */,
			);
			runOnlyForDeploymentPostprocessing = 0;
		};
/* End PBXResourcesBuildPhase section */

/* Begin PBXSourcesBuildPhase section */
		079AE09122E87CD700A207A1 /* Sources */ = {
			isa = PBXSourcesBuildPhase;
			buildActionMask = 2147483647;
			files = (
				73F7757C23AD15FE001C0637 /* GameViewController.swift in Sources */,
				079AE09B22E87CD700A207A1 /* ViewController.swift in Sources */,
				73F7757E23AD1625001C0637 /* TopCollectionView.swift in Sources */,
				078EAEA822EB51CC00971C47 /* pictureUploadEdit.swift in Sources */,
				079AE09922E87CD700A207A1 /* AppDelegate.swift in Sources */,
				73F7758023AD174D001C0637 /* BottomCollectionView.swift in Sources */,
				070E3D92230D1E8800EDBD16 /* ViewControllerTwo.swift in Sources */,
			);
			runOnlyForDeploymentPostprocessing = 0;
		};
/* End PBXSourcesBuildPhase section */

/* Begin PBXVariantGroup section */
		079AE0A122E87CDA00A207A1 /* LaunchScreen.storyboard */ = {
			isa = PBXVariantGroup;
			children = (
				079AE0A222E87CDA00A207A1 /* Base */,
			);
			name = LaunchScreen.storyboard;
			sourceTree = "<group>";
		};
/* End PBXVariantGroup section */

/* Begin XCBuildConfiguration section */
		079AE0A522E87CDA00A207A1 /* Debug */ = {
			isa = XCBuildConfiguration;
			buildSettings = {
				ALWAYS_SEARCH_USER_PATHS = NO;
				CLANG_ANALYZER_NONNULL = YES;
				CLANG_ANALYZER_NUMBER_OBJECT_CONVERSION = YES_AGGRESSIVE;
				CLANG_CXX_LANGUAGE_STANDARD = "gnu++14";
				CLANG_CXX_LIBRARY = "libc++";
				CLANG_ENABLE_MODULES = YES;
				CLANG_ENABLE_OBJC_ARC = YES;
				CLANG_ENABLE_OBJC_WEAK = YES;
				CLANG_WARN_BLOCK_CAPTURE_AUTORELEASING = YES;
				CLANG_WARN_BOOL_CONVERSION = YES;
				CLANG_WARN_COMMA = YES;
				CLANG_WARN_CONSTANT_CONVERSION = YES;
				CLANG_WARN_DEPRECATED_OBJC_IMPLEMENTATIONS = YES;
				CLANG_WARN_DIRECT_OBJC_ISA_USAGE = YES_ERROR;
				CLANG_WARN_DOCUMENTATION_COMMENTS = YES;
				CLANG_WARN_EMPTY_BODY = YES;
				CLANG_WARN_ENUM_CONVERSION = YES;
				CLANG_WARN_INFINITE_RECURSION = YES;
				CLANG_WARN_INT_CONVERSION = YES;
				CLANG_WARN_NON_LITERAL_NULL_CONVERSION = YES;
				CLANG_WARN_OBJC_IMPLICIT_RETAIN_SELF = YES;
				CLANG_WARN_OBJC_LITERAL_CONVERSION = YES;
				CLANG_WARN_OBJC_ROOT_CLASS = YES_ERROR;
				CLANG_WARN_RANGE_LOOP_ANALYSIS = YES;
				CLANG_WARN_STRICT_PROTOTYPES = YES;
				CLANG_WARN_SUSPICIOUS_MOVE = YES;
				CLANG_WARN_UNGUARDED_AVAILABILITY = YES_AGGRESSIVE;
				CLANG_WARN_UNREACHABLE_CODE = YES;
				CLANG_WARN__DUPLICATE_METHOD_MATCH = YES;
				CODE_SIGN_IDENTITY = "iPhone Developer";
				COPY_PHASE_STRIP = NO;
				DEBUG_INFORMATION_FORMAT = dwarf;
				ENABLE_STRICT_OBJC_MSGSEND = YES;
				ENABLE_TESTABILITY = YES;
				GCC_C_LANGUAGE_STANDARD = gnu11;
				GCC_DYNAMIC_NO_PIC = NO;
				GCC_NO_COMMON_BLOCKS = YES;
				GCC_OPTIMIZATION_LEVEL = 0;
				GCC_PREPROCESSOR_DEFINITIONS = (
					"DEBUG=1",
					"$(inherited)",
				);
				GCC_WARN_64_TO_32_BIT_CONVERSION = YES;
				GCC_WARN_ABOUT_RETURN_TYPE = YES_ERROR;
				GCC_WARN_UNDECLARED_SELECTOR = YES;
				GCC_WARN_UNINITIALIZED_AUTOS = YES_AGGRESSIVE;
				GCC_WARN_UNUSED_FUNCTION = YES;
				GCC_WARN_UNUSED_VARIABLE = YES;
				IPHONEOS_DEPLOYMENT_TARGET = 12.2;
				MTL_ENABLE_DEBUG_INFO = INCLUDE_SOURCE;
				MTL_FAST_MATH = YES;
				ONLY_ACTIVE_ARCH = YES;
				SDKROOT = iphoneos;
				SWIFT_ACTIVE_COMPILATION_CONDITIONS = DEBUG;
				SWIFT_OPTIMIZATION_LEVEL = "-Onone";
			};
			name = Debug;
		};
		079AE0A622E87CDA00A207A1 /* Release */ = {
			isa = XCBuildConfiguration;
			buildSettings = {
				ALWAYS_SEARCH_USER_PATHS = NO;
				CLANG_ANALYZER_NONNULL = YES;
				CLANG_ANALYZER_NUMBER_OBJECT_CONVERSION = YES_AGGRESSIVE;
				CLANG_CXX_LANGUAGE_STANDARD = "gnu++14";
				CLANG_CXX_LIBRARY = "libc++";
				CLANG_ENABLE_MODULES = YES;
				CLANG_ENABLE_OBJC_ARC = YES;
				CLANG_ENABLE_OBJC_WEAK = YES;
				CLANG_WARN_BLOCK_CAPTURE_AUTORELEASING = YES;
				CLANG_WARN_BOOL_CONVERSION = YES;
				CLANG_WARN_COMMA = YES;
				CLANG_WARN_CONSTANT_CONVERSION = YES;
				CLANG_WARN_DEPRECATED_OBJC_IMPLEMENTATIONS = YES;
				CLANG_WARN_DIRECT_OBJC_ISA_USAGE = YES_ERROR;
				CLANG_WARN_DOCUMENTATION_COMMENTS = YES;
				CLANG_WARN_EMPTY_BODY = YES;
				CLANG_WARN_ENUM_CONVERSION = YES;
				CLANG_WARN_INFINITE_RECURSION = YES;
				CLANG_WARN_INT_CONVERSION = YES;
				CLANG_WARN_NON_LITERAL_NULL_CONVERSION = YES;
				CLANG_WARN_OBJC_IMPLICIT_RETAIN_SELF = YES;
				CLANG_WARN_OBJC_LITERAL_CONVERSION = YES;
				CLANG_WARN_OBJC_ROOT_CLASS = YES_ERROR;
				CLANG_WARN_RANGE_LOOP_ANALYSIS = YES;
				CLANG_WARN_STRICT_PROTOTYPES = YES;
				CLANG_WARN_SUSPICIOUS_MOVE = YES;
				CLANG_WARN_UNGUARDED_AVAILABILITY = YES_AGGRESSIVE;
				CLANG_WARN_UNREACHABLE_CODE = YES;
				CLANG_WARN__DUPLICATE_METHOD_MATCH = YES;
				CODE_SIGN_IDENTITY = "iPhone Developer";
				COPY_PHASE_STRIP = NO;
				DEBUG_INFORMATION_FORMAT = "dwarf-with-dsym";
				ENABLE_NS_ASSERTIONS = NO;
				ENABLE_STRICT_OBJC_MSGSEND = YES;
				GCC_C_LANGUAGE_STANDARD = gnu11;
				GCC_NO_COMMON_BLOCKS = YES;
				GCC_WARN_64_TO_32_BIT_CONVERSION = YES;
				GCC_WARN_ABOUT_RETURN_TYPE = YES_ERROR;
				GCC_WARN_UNDECLARED_SELECTOR = YES;
				GCC_WARN_UNINITIALIZED_AUTOS = YES_AGGRESSIVE;
				GCC_WARN_UNUSED_FUNCTION = YES;
				GCC_WARN_UNUSED_VARIABLE = YES;
				IPHONEOS_DEPLOYMENT_TARGET = 12.2;
				MTL_ENABLE_DEBUG_INFO = NO;
				MTL_FAST_MATH = YES;
				SDKROOT = iphoneos;
				SWIFT_COMPILATION_MODE = wholemodule;
				SWIFT_OPTIMIZATION_LEVEL = "-O";
				VALIDATE_PRODUCT = YES;
			};
			name = Release;
		};
		079AE0A822E87CDA00A207A1 /* Debug */ = {
			isa = XCBuildConfiguration;
			buildSettings = {
				ASSETCATALOG_COMPILER_APPICON_NAME = AppIcon;
				CODE_SIGN_STYLE = Automatic;
				DEVELOPMENT_TEAM = J57J9KS84Z;
				INFOPLIST_FILE = gridy/Info.plist;
				LD_RUNPATH_SEARCH_PATHS = (
					"$(inherited)",
					"@executable_path/Frameworks",
				);
				PRODUCT_BUNDLE_IDENTIFIER = com.om1986.gridy;
				PRODUCT_NAME = "$(TARGET_NAME)";
				SWIFT_VERSION = 5.0;
				TARGETED_DEVICE_FAMILY = 1;
			};
			name = Debug;
		};
		079AE0A922E87CDA00A207A1 /* Release */ = {
			isa = XCBuildConfiguration;
			buildSettings = {
				ASSETCATALOG_COMPILER_APPICON_NAME = AppIcon;
				CODE_SIGN_STYLE = Automatic;
				DEVELOPMENT_TEAM = J57J9KS84Z;
				INFOPLIST_FILE = gridy/Info.plist;
				LD_RUNPATH_SEARCH_PATHS = (
					"$(inherited)",
					"@executable_path/Frameworks",
				);
				PRODUCT_BUNDLE_IDENTIFIER = com.om1986.gridy;
				PRODUCT_NAME = "$(TARGET_NAME)";
				SWIFT_VERSION = 5.0;
				TARGETED_DEVICE_FAMILY = 1;
			};
			name = Release;
		};
/* End XCBuildConfiguration section */

/* Begin XCConfigurationList section */
		079AE09022E87CD700A207A1 /* Build configuration list for PBXProject "gridy" */ = {
			isa = XCConfigurationList;
			buildConfigurations = (
				079AE0A522E87CDA00A207A1 /* Debug */,
				079AE0A622E87CDA00A207A1 /* Release */,
			);
			defaultConfigurationIsVisible = 0;
			defaultConfigurationName = Release;
		};
		079AE0A722E87CDA00A207A1 /* Build configuration list for PBXNativeTarget "gridy" */ = {
			isa = XCConfigurationList;
			buildConfigurations = (
				079AE0A822E87CDA00A207A1 /* Debug */,
				079AE0A922E87CDA00A207A1 /* Release */,
			);
			defaultConfigurationIsVisible = 0;
			defaultConfigurationName = Release;
		};
/* End XCConfigurationList section */
	};
	rootObject = 079AE08D22E87CD700A207A1 /* Project object */;
}
